
Microsoft Visual Studio Solution File, Format Version 12.00
# Visual Studio 15
VisualStudioVersion = 15.0.27004.2006
MinimumVisualStudioVersion = 10.0.40219.1
Project("{8BC9CEB8-8B4A-11D0-8D11-00A0C91BC942}") = "c2x", "c2x\c2x.vcxproj", "{2517E843-2558-4A17-AB47-B6D5DB9A6508}"
EndProject
Global
	GlobalSection(SolutionConfigurationPlatforms) = preSolution
		Debug|x64 = Debug|x64
		Debug|x86 = Debug|x86
		Release|x64 = Release|x64
		Release|x86 = Release|x86
	EndGlobalSection
	GlobalSection(ProjectConfigurationPlatforms) = postSolution
		{2517E843-2558-4A17-AB47-B6D5DB9A6508}.Debug|x64.ActiveCfg = Debug|x64
		{2517E843-2558-4A17-AB47-B6D5DB9A6508}.Debug|x64.Build.0 = Debug|x64
		{2517E843-2558-4A17-AB47-B6D5DB9A6508}.Debug|x86.ActiveCfg = Debug|Win32
		{2517E843-2558-4A17-AB47-B6D5DB9A6508}.Debug|x86.Build.0 = Debug|Win32
		{2517E843-2558-4A17-AB47-B6D5DB9A6508}.Release|x64.ActiveCfg = Release|x64
		{2517E843-2558-4A17-AB47-B6D5DB9A6508}.Release|x64.Build.0 = Release|x64
		{2517E843-2558-4A17-AB47-B6D5DB9A6508}.Release|x86.ActiveCfg = Release|Win32
		{2517E843-2558-4A17-AB47-B6D5DB9A6508}.Release|x86.Build.0 = Release|Win32
	EndGlobalSection
	GlobalSection(SolutionProperties) = preSolution
		HideSolutionNode = FALSE
	EndGlobalSection
	GlobalSection(ExtensibilityGlobals) = postSolution
		SolutionGuid = {4AC27BAD-2480-43A5-A94A-37A9476A1B34}
	EndGlobalSection
EndGlobal
