<?xml version="1.0" encoding="utf-8"?>
<Project ToolsVersion="4.0" xmlns="http://schemas.microsoft.com/developer/msbuild/2003">
  <ItemGroup>
    <ClInclude Include="adat.h">
      <Filter>Поддержка</Filter>
    </ClInclude>
    <ClInclude Include="aref.h">
      <Filter>Поддержка</Filter>
    </ClInclude>
    <ClInclude Include="autogrow.h">
      <Filter>Поддержка</Filter>
    </ClInclude>
    <ClInclude Include="collection.h">
      <Filter>Поддержка</Filter>
    </ClInclude>
    <ClInclude Include="crt.h">
      <Filter>Поддержка</Filter>
    </ClInclude>
    <ClInclude Include="stringcreator.h">
      <Filter>Поддержка</Filter>
    </ClInclude>
    <ClInclude Include="win.h">
      <Filter>Платформа</Filter>
    </ClInclude>
    <ClInclude Include="files.h">
      <Filter>Приложение</Filter>
    </ClInclude>
    <ClInclude Include="c2.h">
      <Filter>Компилятор</Filter>
    </ClInclude>
    <ClInclude Include="io.h">
      <Filter>Поддержка</Filter>
    </ClInclude>
  </ItemGroup>
  <ItemGroup>
    <ClCompile Include="collection.cpp">
      <Filter>Поддержка</Filter>
    </ClCompile>
    <ClCompile Include="crt.cpp">
      <Filter>Поддержка</Filter>
    </ClCompile>
    <ClCompile Include="crt_memory.cpp">
      <Filter>Поддержка</Filter>
    </ClCompile>
    <ClCompile Include="stringcreator.cpp">
      <Filter>Поддержка</Filter>
    </ClCompile>
    <ClCompile Include="szdup.cpp">
      <Filter>Поддержка</Filter>
    </ClCompile>
    <ClCompile Include="win_console.cpp">
      <Filter>Платформа</Filter>
    </ClCompile>
    <ClCompile Include="win_io_file.cpp">
      <Filter>Платформа</Filter>
    </ClCompile>
    <ClCompile Include="files.cpp">
      <Filter>Приложение</Filter>
    </ClCompile>
    <ClCompile Include="main.cpp">
      <Filter>Приложение</Filter>
    </ClCompile>
    <ClCompile Include="messages.cpp">
      <Filter>Приложение</Filter>
    </ClCompile>
    <ClCompile Include="compile.cpp">
      <Filter>Компилятор</Filter>
    </ClCompile>
    <ClCompile Include="symbol.cpp">
      <Filter>Компилятор</Filter>
    </ClCompile>
    <ClCompile Include="io.cpp">
      <Filter>Поддержка</Filter>
    </ClCompile>
    <ClCompile Include="evalue.cpp">
      <Filter>Компилятор</Filter>
    </ClCompile>
    <ClCompile Include="evalue_plugin.cpp">
      <Filter>Компилятор</Filter>
    </ClCompile>
    <ClCompile Include="section.cpp">
      <Filter>Компилятор</Filter>
    </ClCompile>
    <ClCompile Include="genstate.cpp">
      <Filter>Компилятор</Filter>
    </ClCompile>
    <ClCompile Include="linker.cpp">
      <Filter>Линкер</Filter>
    </ClCompile>
    <ClCompile Include="backend_asm.cpp">
      <Filter>Бэкенд</Filter>
    </ClCompile>
  </ItemGroup>
  <ItemGroup>
    <Filter Include="Поддержка">
      <UniqueIdentifier>{fec40b3c-0839-448e-852c-ac70ec6a9163}</UniqueIdentifier>
    </Filter>
    <Filter Include="Платформа">
      <UniqueIdentifier>{04ab4ba4-7c9a-493a-a63e-7a66ad5855b3}</UniqueIdentifier>
    </Filter>
    <Filter Include="Приложение">
      <UniqueIdentifier>{785929b5-dc0e-43c5-9c3e-57c990e5aaa1}</UniqueIdentifier>
    </Filter>
    <Filter Include="Компилятор">
      <UniqueIdentifier>{0715e998-b495-4b80-8e78-7aefd97e5afb}</UniqueIdentifier>
    </Filter>
    <Filter Include="Пример">
      <UniqueIdentifier>{47fdcb39-b23c-493e-bde4-49e5a8fa5c13}</UniqueIdentifier>
    </Filter>
    <Filter Include="Линкер">
      <UniqueIdentifier>{8ca5fe91-3813-4708-a4b1-ff24a8300496}</UniqueIdentifier>
    </Filter>
    <Filter Include="Бэкенд">
      <UniqueIdentifier>{38f537b9-c836-4e53-a126-9ec462d607e5}</UniqueIdentifier>
    </Filter>
  </ItemGroup>
  <ItemGroup>
    <None Include="..\c2code\projects\anytest\main.c2">
      <Filter>Пример</Filter>
    </None>
    <None Include="..\c2code\library\geo\point.c2">
      <Filter>Пример</Filter>
    </None>
    <None Include="..\c2code\projects\anytest\test1.c2">
      <Filter>Пример</Filter>
    </None>
    <None Include="..\c2code\library\geo\rect.c2">
      <Filter>Пример</Filter>
    </None>
  </ItemGroup>
  <ItemGroup>
    <Text Include="..\result.txt">
      <Filter>Пример</Filter>
    </Text>
  </ItemGroup>
</Project>